
Microsoft Visual Studio Solution File, Format Version 12.00
# Visual Studio Version 17
VisualStudioVersion = 17.7.34031.279
MinimumVisualStudioVersion = 10.0.40219.1
Project("{888888A0-9F3D-457C-B088-3A5042F75D52}") = "Práctica03_Py", "Práctica03_Py\Práctica03_Py.pyproj", "{776491E0-C874-4330-96CE-A2568C3C2AE4}"
EndProject
Global
	GlobalSection(SolutionConfigurationPlatforms) = preSolution
		Debug|Any CPU = Debug|Any CPU
		Release|Any CPU = Release|Any CPU
	EndGlobalSection
	GlobalSection(ProjectConfigurationPlatforms) = postSolution
		{776491E0-C874-4330-96CE-A2568C3C2AE4}.Debug|Any CPU.ActiveCfg = Debug|Any CPU
		{776491E0-C874-4330-96CE-A2568C3C2AE4}.Release|Any CPU.ActiveCfg = Release|Any CPU
	EndGlobalSection
	GlobalSection(SolutionProperties) = preSolution
		HideSolutionNode = FALSE
	EndGlobalSection
	GlobalSection(ExtensibilityGlobals) = postSolution
		SolutionGuid = {57C836FA-DE67-4888-B7CD-9A60DFA7DC3C}
	EndGlobalSection
EndGlobal
